// !$*UTF8*$!
{
	archiveVersion = 1;
	classes = {
	};
	objectVersion = 50;
	objects = {

/* Begin PBXBuildFile section */
		19116E2720BE540000D2F6AD /* ExportOptions.plist in Resources */ = {isa = PBXBuildFile; fileRef = 19116E2620BE540000D2F6AD /* ExportOptions.plist */; };
		193DC14B20B31B9E00057CE4 /* AppDelegate.swift in Sources */ = {isa = PBXBuildFile; fileRef = 193DC14A20B31B9E00057CE4 /* AppDelegate.swift */; };
		193DC14D20B31B9E00057CE4 /* art.scnassets in Resources */ = {isa = PBXBuildFile; fileRef = 193DC14C20B31B9E00057CE4 /* art.scnassets */; };
		193DC14F20B31B9E00057CE4 /* ViewController.swift in Sources */ = {isa = PBXBuildFile; fileRef = 193DC14E20B31B9E00057CE4 /* ViewController.swift */; };
		193DC15220B31B9E00057CE4 /* Main.storyboard in Resources */ = {isa = PBXBuildFile; fileRef = 193DC15020B31B9E00057CE4 /* Main.storyboard */; };
		193DC15420B31B9F00057CE4 /* Assets.xcassets in Resources */ = {isa = PBXBuildFile; fileRef = 193DC15320B31B9F00057CE4 /* Assets.xcassets */; };
		193DC15720B31B9F00057CE4 /* LaunchScreen.storyboard in Resources */ = {isa = PBXBuildFile; fileRef = 193DC15520B31B9F00057CE4 /* LaunchScreen.storyboard */; };
		193DC15F20B3202B00057CE4 /* Resnet50.mlmodel in Sources */ = {isa = PBXBuildFile; fileRef = 193DC15E20B3202B00057CE4 /* Resnet50.mlmodel */; };
/* End PBXBuildFile section */

/* Begin PBXFileReference section */
		19116E2620BE540000D2F6AD /* ExportOptions.plist */ = {isa = PBXFileReference; lastKnownFileType = text.plist.xml; path = ExportOptions.plist; sourceTree = "<group>"; };
		193DC14720B31B9E00057CE4 /* ARKitAndCoreMLMode.app */ = {isa = PBXFileReference; explicitFileType = wrapper.application; includeInIndex = 0; path = ARKitAndCoreMLMode.app; sourceTree = BUILT_PRODUCTS_DIR; };
		193DC14A20B31B9E00057CE4 /* AppDelegate.swift */ = {isa = PBXFileReference; lastKnownFileType = sourcecode.swift; path = AppDelegate.swift; sourceTree = "<group>"; };
		193DC14C20B31B9E00057CE4 /* art.scnassets */ = {isa = PBXFileReference; lastKnownFileType = wrapper.scnassets; path = art.scnassets; sourceTree = "<group>"; };
		193DC14E20B31B9E00057CE4 /* ViewController.swift */ = {isa = PBXFileReference; lastKnownFileType = sourcecode.swift; path = ViewController.swift; sourceTree = "<group>"; };
		193DC15120B31B9E00057CE4 /* Base */ = {isa = PBXFileReference; lastKnownFileType = file.storyboard; name = Base; path = Base.lproj/Main.storyboard; sourceTree = "<group>"; };
		193DC15320B31B9F00057CE4 /* Assets.xcassets */ = {isa = PBXFileReference; lastKnownFileType = folder.assetcatalog; path = Assets.xcassets; sourceTree = "<group>"; };
		193DC15620B31B9F00057CE4 /* Base */ = {isa = PBXFileReference; lastKnownFileType = file.storyboard; name = Base; path = Base.lproj/LaunchScreen.storyboard; sourceTree = "<group>"; };
		193DC15820B31B9F00057CE4 /* Info.plist */ = {isa = PBXFileReference; lastKnownFileType = text.plist.xml; path = Info.plist; sourceTree = "<group>"; };
		193DC15E20B3202B00057CE4 /* Resnet50.mlmodel */ = {isa = PBXFileReference; lastKnownFileType = file.mlmodel; path = Resnet50.mlmodel; sourceTree = "<group>"; };
/* End PBXFileReference section */

/* Begin PBXFrameworksBuildPhase section */
		193DC14420B31B9E00057CE4 /* Frameworks */ = {
			isa = PBXFrameworksBuildPhase;
			buildActionMask = 2147483647;
			files = (
			);
			runOnlyForDeploymentPostprocessing = 0;
		};
/* End PBXFrameworksBuildPhase section */

/* Begin PBXGroup section */
		193DC13E20B31B9D00057CE4 = {
			isa = PBXGroup;
			children = (
				193DC14920B31B9E00057CE4 /* ARKitAndCoreMLMode */,
				193DC14820B31B9E00057CE4 /* Products */,
			);
			sourceTree = "<group>";
		};
		193DC14820B31B9E00057CE4 /* Products */ = {
			isa = PBXGroup;
			children = (
				193DC14720B31B9E00057CE4 /* ARKitAndCoreMLMode.app */,
			);
			name = Products;
			sourceTree = "<group>";
		};
		193DC14920B31B9E00057CE4 /* ARKitAndCoreMLMode */ = {
			isa = PBXGroup;
			children = (
				193DC15E20B3202B00057CE4 /* Resnet50.mlmodel */,
				193DC14A20B31B9E00057CE4 /* AppDelegate.swift */,
				193DC14C20B31B9E00057CE4 /* art.scnassets */,
				193DC14E20B31B9E00057CE4 /* ViewController.swift */,
				193DC15020B31B9E00057CE4 /* Main.storyboard */,
				193DC15320B31B9F00057CE4 /* Assets.xcassets */,
				193DC15520B31B9F00057CE4 /* LaunchScreen.storyboard */,
				193DC15820B31B9F00057CE4 /* Info.plist */,
				19116E2620BE540000D2F6AD /* ExportOptions.plist */,
			);
			path = ARKitAndCoreMLMode;
			sourceTree = "<group>";
		};
/* End PBXGroup section */

/* Begin PBXNativeTarget section */
		193DC14620B31B9E00057CE4 /* ARKitAndCoreMLMode */ = {
			isa = PBXNativeTarget;
			buildConfigurationList = 193DC15B20B31B9F00057CE4 /* Build configuration list for PBXNativeTarget "ARKitAndCoreMLMode" */;
			buildPhases = (
				193DC14320B31B9E00057CE4 /* Sources */,
				193DC14420B31B9E00057CE4 /* Frameworks */,
				193DC14520B31B9E00057CE4 /* Resources */,
			);
			buildRules = (
			);
			dependencies = (
			);
			name = ARKitAndCoreMLMode;
			productName = ARKitAndCoreMLMode;
			productReference = 193DC14720B31B9E00057CE4 /* ARKitAndCoreMLMode.app */;
			productType = "com.apple.product-type.application";
		};
/* End PBXNativeTarget section */

/* Begin PBXProject section */
		193DC13F20B31B9E00057CE4 /* Project object */ = {
			isa = PBXProject;
			attributes = {
				LastSwiftUpdateCheck = 0930;
				LastUpgradeCheck = 0930;
				ORGANIZATIONNAME = "冯才凡";
				TargetAttributes = {
					193DC14620B31B9E00057CE4 = {
						CreatedOnToolsVersion = 9.3.1;
					};
				};
			};
			buildConfigurationList = 193DC14220B31B9E00057CE4 /* Build configuration list for PBXProject "ARKitAndCoreMLMode" */;
			compatibilityVersion = "Xcode 9.3";
			developmentRegion = en;
			hasScannedForEncodings = 0;
			knownRegions = (
				en,
				Base,
			);
			mainGroup = 193DC13E20B31B9D00057CE4;
			productRefGroup = 193DC14820B31B9E00057CE4 /* Products */;
			projectDirPath = "";
			projectRoot = "";
			targets = (
				193DC14620B31B9E00057CE4 /* ARKitAndCoreMLMode */,
			);
		};
/* End PBXProject section */

/* Begin PBXResourcesBuildPhase section */
		193DC14520B31B9E00057CE4 /* Resources */ = {
			isa = PBXResourcesBuildPhase;
			buildActionMask = 2147483647;
			files = (
				193DC14D20B31B9E00057CE4 /* art.scnassets in Resources */,
				19116E2720BE540000D2F6AD /* ExportOptions.plist in Resources */,
				193DC15720B31B9F00057CE4 /* LaunchScreen.storyboard in Resources */,
				193DC15420B31B9F00057CE4 /* Assets.xcassets in Resources */,
				193DC15220B31B9E00057CE4 /* Main.storyboard in Resources */,
			);
			runOnlyForDeploymentPostprocessing = 0;
		};
/* End PBXResourcesBuildPhase section */

/* Begin PBXSourcesBuildPhase section */
		193DC14320B31B9E00057CE4 /* Sources */ = {
			isa = PBXSourcesBuildPhase;
			buildActionMask = 2147483647;
			files = (
				193DC14F20B31B9E00057CE4 /* ViewController.swift in Sources */,
				193DC15F20B3202B00057CE4 /* Resnet50.mlmodel in Sources */,
				193DC14B20B31B9E00057CE4 /* AppDelegate.swift in Sources */,
			);
			runOnlyForDeploymentPostprocessing = 0;
		};
/* End PBXSourcesBuildPhase section */

/* Begin PBXVariantGroup section */
		193DC15020B31B9E00057CE4 /* Main.storyboard */ = {
			isa = PBXVariantGroup;
			children = (
				193DC15120B31B9E00057CE4 /* Base */,
			);
			name = Main.storyboard;
			sourceTree = "<group>";
		};
		193DC15520B31B9F00057CE4 /* LaunchScreen.storyboard */ = {
			isa = PBXVariantGroup;
			children = (
				193DC15620B31B9F00057CE4 /* Base */,
			);
			name = LaunchScreen.storyboard;
			sourceTree = "<group>";
		};
/* End PBXVariantGroup section */

/* Begin XCBuildConfiguration section */
		193DC15920B31B9F00057CE4 /* Debug */ = {
			isa = XCBuildConfiguration;
			buildSettings = {
				ALWAYS_SEARCH_USER_PATHS = NO;
				CLANG_ANALYZER_NONNULL = YES;
				CLANG_ANALYZER_NUMBER_OBJECT_CONVERSION = YES_AGGRESSIVE;
				CLANG_CXX_LANGUAGE_STANDARD = "gnu++14";
				CLANG_CXX_LIBRARY = "libc++";
				CLANG_ENABLE_MODULES = YES;
				CLANG_ENABLE_OBJC_ARC = YES;
				CLANG_ENABLE_OBJC_WEAK = YES;
				CLANG_WARN_BLOCK_CAPTURE_AUTORELEASING = YES;
				CLANG_WARN_BOOL_CONVERSION = YES;
				CLANG_WARN_COMMA = YES;
				CLANG_WARN_CONSTANT_CONVERSION = YES;
				CLANG_WARN_DEPRECATED_OBJC_IMPLEMENTATIONS = YES;
				CLANG_WARN_DIRECT_OBJC_ISA_USAGE = YES_ERROR;
				CLANG_WARN_DOCUMENTATION_COMMENTS = YES;
				CLANG_WARN_EMPTY_BODY = YES;
				CLANG_WARN_ENUM_CONVERSION = YES;
				CLANG_WARN_INFINITE_RECURSION = YES;
				CLANG_WARN_INT_CONVERSION = YES;
				CLANG_WARN_NON_LITERAL_NULL_CONVERSION = YES;
				CLANG_WARN_OBJC_IMPLICIT_RETAIN_SELF = YES;
				CLANG_WARN_OBJC_LITERAL_CONVERSION = YES;
				CLANG_WARN_OBJC_ROOT_CLASS = YES_ERROR;
				CLANG_WARN_RANGE_LOOP_ANALYSIS = YES;
				CLANG_WARN_STRICT_PROTOTYPES = YES;
				CLANG_WARN_SUSPICIOUS_MOVE = YES;
				CLANG_WARN_UNGUARDED_AVAILABILITY = YES_AGGRESSIVE;
				CLANG_WARN_UNREACHABLE_CODE = YES;
				CLANG_WARN__DUPLICATE_METHOD_MATCH = YES;
				CODE_SIGN_IDENTITY = "iPhone Developer";
				COPY_PHASE_STRIP = NO;
				DEBUG_INFORMATION_FORMAT = dwarf;
				ENABLE_STRICT_OBJC_MSGSEND = YES;
				ENABLE_TESTABILITY = YES;
				GCC_C_LANGUAGE_STANDARD = gnu11;
				GCC_DYNAMIC_NO_PIC = NO;
				GCC_NO_COMMON_BLOCKS = YES;
				GCC_OPTIMIZATION_LEVEL = 0;
				GCC_PREPROCESSOR_DEFINITIONS = (
					"DEBUG=1",
					"$(inherited)",
				);
				GCC_WARN_64_TO_32_BIT_CONVERSION = YES;
				GCC_WARN_ABOUT_RETURN_TYPE = YES_ERROR;
				GCC_WARN_UNDECLARED_SELECTOR = YES;
				GCC_WARN_UNINITIALIZED_AUTOS = YES_AGGRESSIVE;
				GCC_WARN_UNUSED_FUNCTION = YES;
				GCC_WARN_UNUSED_VARIABLE = YES;
				IPHONEOS_DEPLOYMENT_TARGET = 11.3;
				MTL_ENABLE_DEBUG_INFO = YES;
				ONLY_ACTIVE_ARCH = YES;
				SDKROOT = iphoneos;
				SWIFT_ACTIVE_COMPILATION_CONDITIONS = DEBUG;
				SWIFT_OPTIMIZATION_LEVEL = "-Onone";
			};
			name = Debug;
		};
		193DC15A20B31B9F00057CE4 /* Release */ = {
			isa = XCBuildConfiguration;
			buildSettings = {
				ALWAYS_SEARCH_USER_PATHS = NO;
				CLANG_ANALYZER_NONNULL = YES;
				CLANG_ANALYZER_NUMBER_OBJECT_CONVERSION = YES_AGGRESSIVE;
				CLANG_CXX_LANGUAGE_STANDARD = "gnu++14";
				CLANG_CXX_LIBRARY = "libc++";
				CLANG_ENABLE_MODULES = YES;
				CLANG_ENABLE_OBJC_ARC = YES;
				CLANG_ENABLE_OBJC_WEAK = YES;
				CLANG_WARN_BLOCK_CAPTURE_AUTORELEASING = YES;
				CLANG_WARN_BOOL_CONVERSION = YES;
				CLANG_WARN_COMMA = YES;
				CLANG_WARN_CONSTANT_CONVERSION = YES;
				CLANG_WARN_DEPRECATED_OBJC_IMPLEMENTATIONS = YES;
				CLANG_WARN_DIRECT_OBJC_ISA_USAGE = YES_ERROR;
				CLANG_WARN_DOCUMENTATION_COMMENTS = YES;
				CLANG_WARN_EMPTY_BODY = YES;
				CLANG_WARN_ENUM_CONVERSION = YES;
				CLANG_WARN_INFINITE_RECURSION = YES;
				CLANG_WARN_INT_CONVERSION = YES;
				CLANG_WARN_NON_LITERAL_NULL_CONVERSION = YES;
				CLANG_WARN_OBJC_IMPLICIT_RETAIN_SELF = YES;
				CLANG_WARN_OBJC_LITERAL_CONVERSION = YES;
				CLANG_WARN_OBJC_ROOT_CLASS = YES_ERROR;
				CLANG_WARN_RANGE_LOOP_ANALYSIS = YES;
				CLANG_WARN_STRICT_PROTOTYPES = YES;
				CLANG_WARN_SUSPICIOUS_MOVE = YES;
				CLANG_WARN_UNGUARDED_AVAILABILITY = YES_AGGRESSIVE;
				CLANG_WARN_UNREACHABLE_CODE = YES;
				CLANG_WARN__DUPLICATE_METHOD_MATCH = YES;
				CODE_SIGN_IDENTITY = "iPhone Developer";
				COPY_PHASE_STRIP = NO;
				DEBUG_INFORMATION_FORMAT = "dwarf-with-dsym";
				ENABLE_NS_ASSERTIONS = NO;
				ENABLE_STRICT_OBJC_MSGSEND = YES;
				GCC_C_LANGUAGE_STANDARD = gnu11;
				GCC_NO_COMMON_BLOCKS = YES;
				GCC_WARN_64_TO_32_BIT_CONVERSION = YES;
				GCC_WARN_ABOUT_RETURN_TYPE = YES_ERROR;
				GCC_WARN_UNDECLARED_SELECTOR = YES;
				GCC_WARN_UNINITIALIZED_AUTOS = YES_AGGRESSIVE;
				GCC_WARN_UNUSED_FUNCTION = YES;
				GCC_WARN_UNUSED_VARIABLE = YES;
				IPHONEOS_DEPLOYMENT_TARGET = 11.3;
				MTL_ENABLE_DEBUG_INFO = NO;
				SDKROOT = iphoneos;
				SWIFT_COMPILATION_MODE = wholemodule;
				SWIFT_OPTIMIZATION_LEVEL = "-O";
				VALIDATE_PRODUCT = YES;
			};
			name = Release;
		};
		193DC15C20B31B9F00057CE4 /* Debug */ = {
			isa = XCBuildConfiguration;
			buildSettings = {
				ASSETCATALOG_COMPILER_APPICON_NAME = AppIcon;
				CODE_SIGN_STYLE = Automatic;
				DEVELOPMENT_TEAM = 3T49A8WRJ5;
				INFOPLIST_FILE = ARKitAndCoreMLMode/Info.plist;
				IPHONEOS_DEPLOYMENT_TARGET = 11.0;
				LD_RUNPATH_SEARCH_PATHS = (
					"$(inherited)",
					"@executable_path/Frameworks",
				);
				PRODUCT_BUNDLE_IDENTIFIER = ARKitAndCoreMLMode;
				PRODUCT_NAME = "$(TARGET_NAME)";
				SWIFT_VERSION = 4.0;
				TARGETED_DEVICE_FAMILY = "1,2";
			};
			name = Debug;
		};
		193DC15D20B31B9F00057CE4 /* Release */ = {
			isa = XCBuildConfiguration;
			buildSettings = {
				ASSETCATALOG_COMPILER_APPICON_NAME = AppIcon;
				CODE_SIGN_STYLE = Automatic;
				DEVELOPMENT_TEAM = 3T49A8WRJ5;
				INFOPLIST_FILE = ARKitAndCoreMLMode/Info.plist;
				IPHONEOS_DEPLOYMENT_TARGET = 11.0;
				LD_RUNPATH_SEARCH_PATHS = (
					"$(inherited)",
					"@executable_path/Frameworks",
				);
				PRODUCT_BUNDLE_IDENTIFIER = ARKitAndCoreMLMode;
				PRODUCT_NAME = "$(TARGET_NAME)";
				SWIFT_VERSION = 4.0;
				TARGETED_DEVICE_FAMILY = "1,2";
			};
			name = Release;
		};
/* End XCBuildConfiguration section */

/* Begin XCConfigurationList section */
		193DC14220B31B9E00057CE4 /* Build configuration list for PBXProject "ARKitAndCoreMLMode" */ = {
			isa = XCConfigurationList;
			buildConfigurations = (
				193DC15920B31B9F00057CE4 /* Debug */,
				193DC15A20B31B9F00057CE4 /* Release */,
			);
			defaultConfigurationIsVisible = 0;
			defaultConfigurationName = Release;
		};
		193DC15B20B31B9F00057CE4 /* Build configuration list for PBXNativeTarget "ARKitAndCoreMLMode" */ = {
			isa = XCConfigurationList;
			buildConfigurations = (
				193DC15C20B31B9F00057CE4 /* Debug */,
				193DC15D20B31B9F00057CE4 /* Release */,
			);
			defaultConfigurationIsVisible = 0;
			defaultConfigurationName = Release;
		};
/* End XCConfigurationList section */
	};
	rootObject = 193DC13F20B31B9E00057CE4 /* Project object */;
}
